
Microsoft Visual Studio Solution File, Format Version 12.00
# Visual Studio Version 17
VisualStudioVersion = 17.0.32126.317
MinimumVisualStudioVersion = 10.0.40219.1
Project("{FAE04EC0-301F-11D3-BF4B-00C04F79EFBC}") = "JsonCreator", "JsonCreator\JsonCreator.csproj", "{023C796C-3257-473B-A653-6E791A9BD05C}"
EndProject
Global
	GlobalSection(SolutionConfigurationPlatforms) = preSolution
		Debug|Any CPU = Debug|Any CPU
		Release|Any CPU = Release|Any CPU
	EndGlobalSection
	GlobalSection(ProjectConfigurationPlatforms) = postSolution
		{023C796C-3257-473B-A653-6E791A9BD05C}.Debug|Any CPU.ActiveCfg = Debug|Any CPU
		{023C796C-3257-473B-A653-6E791A9BD05C}.Debug|Any CPU.Build.0 = Debug|Any CPU
		{023C796C-3257-473B-A653-6E791A9BD05C}.Release|Any CPU.ActiveCfg = Release|Any CPU
		{023C796C-3257-473B-A653-6E791A9BD05C}.Release|Any CPU.Build.0 = Release|Any CPU
	EndGlobalSection
	GlobalSection(SolutionProperties) = preSolution
		HideSolutionNode = FALSE
	EndGlobalSection
	GlobalSection(ExtensibilityGlobals) = postSolution
		SolutionGuid = {081C853E-DB44-47C1-B3D7-043DC9FCC333}
	EndGlobalSection
EndGlobal
